// !$*UTF8*$!
{
	archiveVersion = 1;
	classes = {
	};
	objectVersion = 50;
	objects = {

/* Begin PBXBuildFile section */
		8E02C76D250A5BCB00C2314A /* AppDelegate.swift in Sources */ = {isa = PBXBuildFile; fileRef = 8E02C76C250A5BCB00C2314A /* AppDelegate.swift */; };
		8E02C76F250A5BCB00C2314A /* SceneDelegate.swift in Sources */ = {isa = PBXBuildFile; fileRef = 8E02C76E250A5BCB00C2314A /* SceneDelegate.swift */; };
		8E02C771250A5BCB00C2314A /* EmojiArtDocumentView.swift in Sources */ = {isa = PBXBuildFile; fileRef = 8E02C770250A5BCB00C2314A /* EmojiArtDocumentView.swift */; };
		8E02C773250A5BCE00C2314A /* Assets.xcassets in Resources */ = {isa = PBXBuildFile; fileRef = 8E02C772250A5BCE00C2314A /* Assets.xcassets */; };
		8E02C776250A5BCE00C2314A /* Preview Assets.xcassets in Resources */ = {isa = PBXBuildFile; fileRef = 8E02C775250A5BCE00C2314A /* Preview Assets.xcassets */; };
		8E02C779250A5BCE00C2314A /* LaunchScreen.storyboard in Resources */ = {isa = PBXBuildFile; fileRef = 8E02C777250A5BCE00C2314A /* LaunchScreen.storyboard */; };
		8E02C783250A7F8000C2314A /* EmojiArt.swift in Sources */ = {isa = PBXBuildFile; fileRef = 8E02C782250A7F8000C2314A /* EmojiArt.swift */; };
		8E02C785250A869900C2314A /* EmojiArtExtensions.swift in Sources */ = {isa = PBXBuildFile; fileRef = 8E02C784250A869800C2314A /* EmojiArtExtensions.swift */; };
		8E02C787250A874500C2314A /* EmojiArtDocument.swift in Sources */ = {isa = PBXBuildFile; fileRef = 8E02C786250A874500C2314A /* EmojiArtDocument.swift */; };
		8E02C789250B109A00C2314A /* OptionalImage.swift in Sources */ = {isa = PBXBuildFile; fileRef = 8E02C788250B109A00C2314A /* OptionalImage.swift */; };
		8E02C78B250B163B00C2314A /* AnimatableSystemFontModifier.swift in Sources */ = {isa = PBXBuildFile; fileRef = 8E02C78A250B163B00C2314A /* AnimatableSystemFontModifier.swift */; };
/* End PBXBuildFile section */

/* Begin PBXFileReference section */
		8E02C769250A5BCB00C2314A /* EmojiArt.app */ = {isa = PBXFileReference; explicitFileType = wrapper.application; includeInIndex = 0; path = EmojiArt.app; sourceTree = BUILT_PRODUCTS_DIR; };
		8E02C76C250A5BCB00C2314A /* AppDelegate.swift */ = {isa = PBXFileReference; lastKnownFileType = sourcecode.swift; path = AppDelegate.swift; sourceTree = "<group>"; };
		8E02C76E250A5BCB00C2314A /* SceneDelegate.swift */ = {isa = PBXFileReference; lastKnownFileType = sourcecode.swift; path = SceneDelegate.swift; sourceTree = "<group>"; };
		8E02C770250A5BCB00C2314A /* EmojiArtDocumentView.swift */ = {isa = PBXFileReference; lastKnownFileType = sourcecode.swift; path = EmojiArtDocumentView.swift; sourceTree = "<group>"; };
		8E02C772250A5BCE00C2314A /* Assets.xcassets */ = {isa = PBXFileReference; lastKnownFileType = folder.assetcatalog; path = Assets.xcassets; sourceTree = "<group>"; };
		8E02C775250A5BCE00C2314A /* Preview Assets.xcassets */ = {isa = PBXFileReference; lastKnownFileType = folder.assetcatalog; path = "Preview Assets.xcassets"; sourceTree = "<group>"; };
		8E02C778250A5BCE00C2314A /* Base */ = {isa = PBXFileReference; lastKnownFileType = file.storyboard; name = Base; path = Base.lproj/LaunchScreen.storyboard; sourceTree = "<group>"; };
		8E02C77A250A5BCE00C2314A /* Info.plist */ = {isa = PBXFileReference; lastKnownFileType = text.plist.xml; path = Info.plist; sourceTree = "<group>"; };
		8E02C782250A7F8000C2314A /* EmojiArt.swift */ = {isa = PBXFileReference; lastKnownFileType = sourcecode.swift; path = EmojiArt.swift; sourceTree = "<group>"; };
		8E02C784250A869800C2314A /* EmojiArtExtensions.swift */ = {isa = PBXFileReference; fileEncoding = 4; lastKnownFileType = sourcecode.swift; name = EmojiArtExtensions.swift; path = "../../stanford-cs193p/lectures/lecture7-8/EmojiArtExtensions.swift"; sourceTree = "<group>"; };
		8E02C786250A874500C2314A /* EmojiArtDocument.swift */ = {isa = PBXFileReference; lastKnownFileType = sourcecode.swift; path = EmojiArtDocument.swift; sourceTree = SOURCE_ROOT; };
		8E02C788250B109A00C2314A /* OptionalImage.swift */ = {isa = PBXFileReference; lastKnownFileType = sourcecode.swift; path = OptionalImage.swift; sourceTree = "<group>"; };
		8E02C78A250B163B00C2314A /* AnimatableSystemFontModifier.swift */ = {isa = PBXFileReference; fileEncoding = 4; lastKnownFileType = sourcecode.swift; name = AnimatableSystemFontModifier.swift; path = "../../stanford-cs193p/lectures/lecture7-8/AnimatableSystemFontModifier.swift"; sourceTree = "<group>"; };
/* End PBXFileReference section */

/* Begin PBXFrameworksBuildPhase section */
		8E02C766250A5BCB00C2314A /* Frameworks */ = {
			isa = PBXFrameworksBuildPhase;
			buildActionMask = 2147483647;
			files = (
			);
			runOnlyForDeploymentPostprocessing = 0;
		};
/* End PBXFrameworksBuildPhase section */

/* Begin PBXGroup section */
		8E02C760250A5BCB00C2314A = {
			isa = PBXGroup;
			children = (
				8E02C76B250A5BCB00C2314A /* EmojiArt */,
				8E02C76A250A5BCB00C2314A /* Products */,
			);
			sourceTree = "<group>";
		};
		8E02C76A250A5BCB00C2314A /* Products */ = {
			isa = PBXGroup;
			children = (
				8E02C769250A5BCB00C2314A /* EmojiArt.app */,
			);
			name = Products;
			sourceTree = "<group>";
		};
		8E02C76B250A5BCB00C2314A /* EmojiArt */ = {
			isa = PBXGroup;
			children = (
				8E02C76C250A5BCB00C2314A /* AppDelegate.swift */,
				8E02C76E250A5BCB00C2314A /* SceneDelegate.swift */,
				8E02C770250A5BCB00C2314A /* EmojiArtDocumentView.swift */,
				8E02C788250B109A00C2314A /* OptionalImage.swift */,
				8E02C786250A874500C2314A /* EmojiArtDocument.swift */,
				8E02C782250A7F8000C2314A /* EmojiArt.swift */,
				8E02C784250A869800C2314A /* EmojiArtExtensions.swift */,
				8E02C78A250B163B00C2314A /* AnimatableSystemFontModifier.swift */,
				8E02C772250A5BCE00C2314A /* Assets.xcassets */,
				8E02C777250A5BCE00C2314A /* LaunchScreen.storyboard */,
				8E02C77A250A5BCE00C2314A /* Info.plist */,
				8E02C774250A5BCE00C2314A /* Preview Content */,
			);
			path = EmojiArt;
			sourceTree = "<group>";
		};
		8E02C774250A5BCE00C2314A /* Preview Content */ = {
			isa = PBXGroup;
			children = (
				8E02C775250A5BCE00C2314A /* Preview Assets.xcassets */,
			);
			path = "Preview Content";
			sourceTree = "<group>";
		};
/* End PBXGroup section */

/* Begin PBXNativeTarget section */
		8E02C768250A5BCB00C2314A /* EmojiArt */ = {
			isa = PBXNativeTarget;
			buildConfigurationList = 8E02C77D250A5BCE00C2314A /* Build configuration list for PBXNativeTarget "EmojiArt" */;
			buildPhases = (
				8E02C765250A5BCB00C2314A /* Sources */,
				8E02C766250A5BCB00C2314A /* Frameworks */,
				8E02C767250A5BCB00C2314A /* Resources */,
			);
			buildRules = (
			);
			dependencies = (
			);
			name = EmojiArt;
			productName = EmojiArt;
			productReference = 8E02C769250A5BCB00C2314A /* EmojiArt.app */;
			productType = "com.apple.product-type.application";
		};
/* End PBXNativeTarget section */

/* Begin PBXProject section */
		8E02C761250A5BCB00C2314A /* Project object */ = {
			isa = PBXProject;
			attributes = {
				LastSwiftUpdateCheck = 1170;
				LastUpgradeCheck = 1170;
				ORGANIZATIONNAME = "Lor Worwag";
				TargetAttributes = {
					8E02C768250A5BCB00C2314A = {
						CreatedOnToolsVersion = 11.7;
					};
				};
			};
			buildConfigurationList = 8E02C764250A5BCB00C2314A /* Build configuration list for PBXProject "EmojiArt" */;
			compatibilityVersion = "Xcode 9.3";
			developmentRegion = en;
			hasScannedForEncodings = 0;
			knownRegions = (
				en,
				Base,
			);
			mainGroup = 8E02C760250A5BCB00C2314A;
			productRefGroup = 8E02C76A250A5BCB00C2314A /* Products */;
			projectDirPath = "";
			projectRoot = "";
			targets = (
				8E02C768250A5BCB00C2314A /* EmojiArt */,
			);
		};
/* End PBXProject section */

/* Begin PBXResourcesBuildPhase section */
		8E02C767250A5BCB00C2314A /* Resources */ = {
			isa = PBXResourcesBuildPhase;
			buildActionMask = 2147483647;
			files = (
				8E02C779250A5BCE00C2314A /* LaunchScreen.storyboard in Resources */,
				8E02C776250A5BCE00C2314A /* Preview Assets.xcassets in Resources */,
				8E02C773250A5BCE00C2314A /* Assets.xcassets in Resources */,
			);
			runOnlyForDeploymentPostprocessing = 0;
		};
/* End PBXResourcesBuildPhase section */

/* Begin PBXSourcesBuildPhase section */
		8E02C765250A5BCB00C2314A /* Sources */ = {
			isa = PBXSourcesBuildPhase;
			buildActionMask = 2147483647;
			files = (
				8E02C76D250A5BCB00C2314A /* AppDelegate.swift in Sources */,
				8E02C787250A874500C2314A /* EmojiArtDocument.swift in Sources */,
				8E02C76F250A5BCB00C2314A /* SceneDelegate.swift in Sources */,
				8E02C785250A869900C2314A /* EmojiArtExtensions.swift in Sources */,
				8E02C783250A7F8000C2314A /* EmojiArt.swift in Sources */,
				8E02C789250B109A00C2314A /* OptionalImage.swift in Sources */,
				8E02C78B250B163B00C2314A /* AnimatableSystemFontModifier.swift in Sources */,
				8E02C771250A5BCB00C2314A /* EmojiArtDocumentView.swift in Sources */,
			);
			runOnlyForDeploymentPostprocessing = 0;
		};
/* End PBXSourcesBuildPhase section */

/* Begin PBXVariantGroup section */
		8E02C777250A5BCE00C2314A /* LaunchScreen.storyboard */ = {
			isa = PBXVariantGroup;
			children = (
				8E02C778250A5BCE00C2314A /* Base */,
			);
			name = LaunchScreen.storyboard;
			sourceTree = "<group>";
		};
/* End PBXVariantGroup section */

/* Begin XCBuildConfiguration section */
		8E02C77B250A5BCE00C2314A /* Debug */ = {
			isa = XCBuildConfiguration;
			buildSettings = {
				ALWAYS_SEARCH_USER_PATHS = NO;
				CLANG_ANALYZER_NONNULL = YES;
				CLANG_ANALYZER_NUMBER_OBJECT_CONVERSION = YES_AGGRESSIVE;
				CLANG_CXX_LANGUAGE_STANDARD = "gnu++14";
				CLANG_CXX_LIBRARY = "libc++";
				CLANG_ENABLE_MODULES = YES;
				CLANG_ENABLE_OBJC_ARC = YES;
				CLANG_ENABLE_OBJC_WEAK = YES;
				CLANG_WARN_BLOCK_CAPTURE_AUTORELEASING = YES;
				CLANG_WARN_BOOL_CONVERSION = YES;
				CLANG_WARN_COMMA = YES;
				CLANG_WARN_CONSTANT_CONVERSION = YES;
				CLANG_WARN_DEPRECATED_OBJC_IMPLEMENTATIONS = YES;
				CLANG_WARN_DIRECT_OBJC_ISA_USAGE = YES_ERROR;
				CLANG_WARN_DOCUMENTATION_COMMENTS = YES;
				CLANG_WARN_EMPTY_BODY = YES;
				CLANG_WARN_ENUM_CONVERSION = YES;
				CLANG_WARN_INFINITE_RECURSION = YES;
				CLANG_WARN_INT_CONVERSION = YES;
				CLANG_WARN_NON_LITERAL_NULL_CONVERSION = YES;
				CLANG_WARN_OBJC_IMPLICIT_RETAIN_SELF = YES;
				CLANG_WARN_OBJC_LITERAL_CONVERSION = YES;
				CLANG_WARN_OBJC_ROOT_CLASS = YES_ERROR;
				CLANG_WARN_RANGE_LOOP_ANALYSIS = YES;
				CLANG_WARN_STRICT_PROTOTYPES = YES;
				CLANG_WARN_SUSPICIOUS_MOVE = YES;
				CLANG_WARN_UNGUARDED_AVAILABILITY = YES_AGGRESSIVE;
				CLANG_WARN_UNREACHABLE_CODE = YES;
				CLANG_WARN__DUPLICATE_METHOD_MATCH = YES;
				COPY_PHASE_STRIP = NO;
				DEBUG_INFORMATION_FORMAT = dwarf;
				ENABLE_STRICT_OBJC_MSGSEND = YES;
				ENABLE_TESTABILITY = YES;
				GCC_C_LANGUAGE_STANDARD = gnu11;
				GCC_DYNAMIC_NO_PIC = NO;
				GCC_NO_COMMON_BLOCKS = YES;
				GCC_OPTIMIZATION_LEVEL = 0;
				GCC_PREPROCESSOR_DEFINITIONS = (
					"DEBUG=1",
					"$(inherited)",
				);
				GCC_WARN_64_TO_32_BIT_CONVERSION = YES;
				GCC_WARN_ABOUT_RETURN_TYPE = YES_ERROR;
				GCC_WARN_UNDECLARED_SELECTOR = YES;
				GCC_WARN_UNINITIALIZED_AUTOS = YES_AGGRESSIVE;
				GCC_WARN_UNUSED_FUNCTION = YES;
				GCC_WARN_UNUSED_VARIABLE = YES;
				IPHONEOS_DEPLOYMENT_TARGET = 13.7;
				MTL_ENABLE_DEBUG_INFO = INCLUDE_SOURCE;
				MTL_FAST_MATH = YES;
				ONLY_ACTIVE_ARCH = YES;
				SDKROOT = iphoneos;
				SWIFT_ACTIVE_COMPILATION_CONDITIONS = DEBUG;
				SWIFT_OPTIMIZATION_LEVEL = "-Onone";
			};
			name = Debug;
		};
		8E02C77C250A5BCE00C2314A /* Release */ = {
			isa = XCBuildConfiguration;
			buildSettings = {
				ALWAYS_SEARCH_USER_PATHS = NO;
				CLANG_ANALYZER_NONNULL = YES;
				CLANG_ANALYZER_NUMBER_OBJECT_CONVERSION = YES_AGGRESSIVE;
				CLANG_CXX_LANGUAGE_STANDARD = "gnu++14";
				CLANG_CXX_LIBRARY = "libc++";
				CLANG_ENABLE_MODULES = YES;
				CLANG_ENABLE_OBJC_ARC = YES;
				CLANG_ENABLE_OBJC_WEAK = YES;
				CLANG_WARN_BLOCK_CAPTURE_AUTORELEASING = YES;
				CLANG_WARN_BOOL_CONVERSION = YES;
				CLANG_WARN_COMMA = YES;
				CLANG_WARN_CONSTANT_CONVERSION = YES;
				CLANG_WARN_DEPRECATED_OBJC_IMPLEMENTATIONS = YES;
				CLANG_WARN_DIRECT_OBJC_ISA_USAGE = YES_ERROR;
				CLANG_WARN_DOCUMENTATION_COMMENTS = YES;
				CLANG_WARN_EMPTY_BODY = YES;
				CLANG_WARN_ENUM_CONVERSION = YES;
				CLANG_WARN_INFINITE_RECURSION = YES;
				CLANG_WARN_INT_CONVERSION = YES;
				CLANG_WARN_NON_LITERAL_NULL_CONVERSION = YES;
				CLANG_WARN_OBJC_IMPLICIT_RETAIN_SELF = YES;
				CLANG_WARN_OBJC_LITERAL_CONVERSION = YES;
				CLANG_WARN_OBJC_ROOT_CLASS = YES_ERROR;
				CLANG_WARN_RANGE_LOOP_ANALYSIS = YES;
				CLANG_WARN_STRICT_PROTOTYPES = YES;
				CLANG_WARN_SUSPICIOUS_MOVE = YES;
				CLANG_WARN_UNGUARDED_AVAILABILITY = YES_AGGRESSIVE;
				CLANG_WARN_UNREACHABLE_CODE = YES;
				CLANG_WARN__DUPLICATE_METHOD_MATCH = YES;
				COPY_PHASE_STRIP = NO;
				DEBUG_INFORMATION_FORMAT = "dwarf-with-dsym";
				ENABLE_NS_ASSERTIONS = NO;
				ENABLE_STRICT_OBJC_MSGSEND = YES;
				GCC_C_LANGUAGE_STANDARD = gnu11;
				GCC_NO_COMMON_BLOCKS = YES;
				GCC_WARN_64_TO_32_BIT_CONVERSION = YES;
				GCC_WARN_ABOUT_RETURN_TYPE = YES_ERROR;
				GCC_WARN_UNDECLARED_SELECTOR = YES;
				GCC_WARN_UNINITIALIZED_AUTOS = YES_AGGRESSIVE;
				GCC_WARN_UNUSED_FUNCTION = YES;
				GCC_WARN_UNUSED_VARIABLE = YES;
				IPHONEOS_DEPLOYMENT_TARGET = 13.7;
				MTL_ENABLE_DEBUG_INFO = NO;
				MTL_FAST_MATH = YES;
				SDKROOT = iphoneos;
				SWIFT_COMPILATION_MODE = wholemodule;
				SWIFT_OPTIMIZATION_LEVEL = "-O";
				VALIDATE_PRODUCT = YES;
			};
			name = Release;
		};
		8E02C77E250A5BCE00C2314A /* Debug */ = {
			isa = XCBuildConfiguration;
			buildSettings = {
				ASSETCATALOG_COMPILER_APPICON_NAME = AppIcon;
				CODE_SIGN_STYLE = Automatic;
				DEVELOPMENT_ASSET_PATHS = "\"EmojiArt/Preview Content\"";
				DEVELOPMENT_TEAM = 8FZZ5973JK;
				ENABLE_PREVIEWS = YES;
				INFOPLIST_FILE = EmojiArt/Info.plist;
				LD_RUNPATH_SEARCH_PATHS = (
					"$(inherited)",
					"@executable_path/Frameworks",
				);
				PRODUCT_BUNDLE_IDENTIFIER = com.lorworwag.EmojiArt;
				PRODUCT_NAME = "$(TARGET_NAME)";
				SWIFT_VERSION = 5.0;
				TARGETED_DEVICE_FAMILY = "1,2";
			};
			name = Debug;
		};
		8E02C77F250A5BCE00C2314A /* Release */ = {
			isa = XCBuildConfiguration;
			buildSettings = {
				ASSETCATALOG_COMPILER_APPICON_NAME = AppIcon;
				CODE_SIGN_STYLE = Automatic;
				DEVELOPMENT_ASSET_PATHS = "\"EmojiArt/Preview Content\"";
				DEVELOPMENT_TEAM = 8FZZ5973JK;
				ENABLE_PREVIEWS = YES;
				INFOPLIST_FILE = EmojiArt/Info.plist;
				LD_RUNPATH_SEARCH_PATHS = (
					"$(inherited)",
					"@executable_path/Frameworks",
				);
				PRODUCT_BUNDLE_IDENTIFIER = com.lorworwag.EmojiArt;
				PRODUCT_NAME = "$(TARGET_NAME)";
				SWIFT_VERSION = 5.0;
				TARGETED_DEVICE_FAMILY = "1,2";
			};
			name = Release;
		};
/* End XCBuildConfiguration section */

/* Begin XCConfigurationList section */
		8E02C764250A5BCB00C2314A /* Build configuration list for PBXProject "EmojiArt" */ = {
			isa = XCConfigurationList;
			buildConfigurations = (
				8E02C77B250A5BCE00C2314A /* Debug */,
				8E02C77C250A5BCE00C2314A /* Release */,
			);
			defaultConfigurationIsVisible = 0;
			defaultConfigurationName = Release;
		};
		8E02C77D250A5BCE00C2314A /* Build configuration list for PBXNativeTarget "EmojiArt" */ = {
			isa = XCConfigurationList;
			buildConfigurations = (
				8E02C77E250A5BCE00C2314A /* Debug */,
				8E02C77F250A5BCE00C2314A /* Release */,
			);
			defaultConfigurationIsVisible = 0;
			defaultConfigurationName = Release;
		};
/* End XCConfigurationList section */
	};
	rootObject = 8E02C761250A5BCB00C2314A /* Project object */;
}
