// !$*UTF8*$!
{
	archiveVersion = 1;
	classes = {
	};
	objectVersion = 50;
	objects = {

/* Begin PBXBuildFile section */
		8E94ABBD24D885CA003AFD49 /* AppDelegate.swift in Sources */ = {isa = PBXBuildFile; fileRef = 8E94ABBC24D885CA003AFD49 /* AppDelegate.swift */; };
		8E94ABBF24D885CA003AFD49 /* SceneDelegate.swift in Sources */ = {isa = PBXBuildFile; fileRef = 8E94ABBE24D885CA003AFD49 /* SceneDelegate.swift */; };
		8E94ABC124D885CA003AFD49 /* ContentView.swift in Sources */ = {isa = PBXBuildFile; fileRef = 8E94ABC024D885CA003AFD49 /* ContentView.swift */; };
		8E94ABC324D885CC003AFD49 /* Assets.xcassets in Resources */ = {isa = PBXBuildFile; fileRef = 8E94ABC224D885CC003AFD49 /* Assets.xcassets */; };
		8E94ABC624D885CC003AFD49 /* Preview Assets.xcassets in Resources */ = {isa = PBXBuildFile; fileRef = 8E94ABC524D885CC003AFD49 /* Preview Assets.xcassets */; };
		8E94ABC924D885CC003AFD49 /* LaunchScreen.storyboard in Resources */ = {isa = PBXBuildFile; fileRef = 8E94ABC724D885CC003AFD49 /* LaunchScreen.storyboard */; };
		8E94ABD124D88CC9003AFD49 /* MemoryGame.swift in Sources */ = {isa = PBXBuildFile; fileRef = 8E94ABD024D88CC9003AFD49 /* MemoryGame.swift */; };
		8E94ABD324D88CEE003AFD49 /* EmojiMemoryGame.swift in Sources */ = {isa = PBXBuildFile; fileRef = 8E94ABD224D88CEE003AFD49 /* EmojiMemoryGame.swift */; };
/* End PBXBuildFile section */

/* Begin PBXFileReference section */
		8E94ABB924D885CA003AFD49 /* a1.app */ = {isa = PBXFileReference; explicitFileType = wrapper.application; includeInIndex = 0; path = a1.app; sourceTree = BUILT_PRODUCTS_DIR; };
		8E94ABBC24D885CA003AFD49 /* AppDelegate.swift */ = {isa = PBXFileReference; lastKnownFileType = sourcecode.swift; path = AppDelegate.swift; sourceTree = "<group>"; };
		8E94ABBE24D885CA003AFD49 /* SceneDelegate.swift */ = {isa = PBXFileReference; lastKnownFileType = sourcecode.swift; path = SceneDelegate.swift; sourceTree = "<group>"; };
		8E94ABC024D885CA003AFD49 /* ContentView.swift */ = {isa = PBXFileReference; lastKnownFileType = sourcecode.swift; path = ContentView.swift; sourceTree = "<group>"; };
		8E94ABC224D885CC003AFD49 /* Assets.xcassets */ = {isa = PBXFileReference; lastKnownFileType = folder.assetcatalog; path = Assets.xcassets; sourceTree = "<group>"; };
		8E94ABC524D885CC003AFD49 /* Preview Assets.xcassets */ = {isa = PBXFileReference; lastKnownFileType = folder.assetcatalog; path = "Preview Assets.xcassets"; sourceTree = "<group>"; };
		8E94ABC824D885CC003AFD49 /* Base */ = {isa = PBXFileReference; lastKnownFileType = file.storyboard; name = Base; path = Base.lproj/LaunchScreen.storyboard; sourceTree = "<group>"; };
		8E94ABCA24D885CC003AFD49 /* Info.plist */ = {isa = PBXFileReference; lastKnownFileType = text.plist.xml; path = Info.plist; sourceTree = "<group>"; };
		8E94ABD024D88CC9003AFD49 /* MemoryGame.swift */ = {isa = PBXFileReference; lastKnownFileType = sourcecode.swift; path = MemoryGame.swift; sourceTree = "<group>"; };
		8E94ABD224D88CEE003AFD49 /* EmojiMemoryGame.swift */ = {isa = PBXFileReference; lastKnownFileType = sourcecode.swift; path = EmojiMemoryGame.swift; sourceTree = "<group>"; };
/* End PBXFileReference section */

/* Begin PBXFrameworksBuildPhase section */
		8E94ABB624D885CA003AFD49 /* Frameworks */ = {
			isa = PBXFrameworksBuildPhase;
			buildActionMask = 2147483647;
			files = (
			);
			runOnlyForDeploymentPostprocessing = 0;
		};
/* End PBXFrameworksBuildPhase section */

/* Begin PBXGroup section */
		8E94ABB024D885CA003AFD49 = {
			isa = PBXGroup;
			children = (
				8E94ABBB24D885CA003AFD49 /* a1 */,
				8E94ABBA24D885CA003AFD49 /* Products */,
			);
			sourceTree = "<group>";
		};
		8E94ABBA24D885CA003AFD49 /* Products */ = {
			isa = PBXGroup;
			children = (
				8E94ABB924D885CA003AFD49 /* a1.app */,
			);
			name = Products;
			sourceTree = "<group>";
		};
		8E94ABBB24D885CA003AFD49 /* a1 */ = {
			isa = PBXGroup;
			children = (
				8E94ABBC24D885CA003AFD49 /* AppDelegate.swift */,
				8E94ABBE24D885CA003AFD49 /* SceneDelegate.swift */,
				8E94ABC024D885CA003AFD49 /* ContentView.swift */,
				8E94ABD024D88CC9003AFD49 /* MemoryGame.swift */,
				8E94ABD224D88CEE003AFD49 /* EmojiMemoryGame.swift */,
				8E94ABC224D885CC003AFD49 /* Assets.xcassets */,
				8E94ABC724D885CC003AFD49 /* LaunchScreen.storyboard */,
				8E94ABCA24D885CC003AFD49 /* Info.plist */,
				8E94ABC424D885CC003AFD49 /* Preview Content */,
			);
			path = a1;
			sourceTree = "<group>";
		};
		8E94ABC424D885CC003AFD49 /* Preview Content */ = {
			isa = PBXGroup;
			children = (
				8E94ABC524D885CC003AFD49 /* Preview Assets.xcassets */,
			);
			path = "Preview Content";
			sourceTree = "<group>";
		};
/* End PBXGroup section */

/* Begin PBXNativeTarget section */
		8E94ABB824D885CA003AFD49 /* a1 */ = {
			isa = PBXNativeTarget;
			buildConfigurationList = 8E94ABCD24D885CC003AFD49 /* Build configuration list for PBXNativeTarget "a1" */;
			buildPhases = (
				8E94ABB524D885CA003AFD49 /* Sources */,
				8E94ABB624D885CA003AFD49 /* Frameworks */,
				8E94ABB724D885CA003AFD49 /* Resources */,
			);
			buildRules = (
			);
			dependencies = (
			);
			name = a1;
			productName = a1;
			productReference = 8E94ABB924D885CA003AFD49 /* a1.app */;
			productType = "com.apple.product-type.application";
		};
/* End PBXNativeTarget section */

/* Begin PBXProject section */
		8E94ABB124D885CA003AFD49 /* Project object */ = {
			isa = PBXProject;
			attributes = {
				LastSwiftUpdateCheck = 1160;
				LastUpgradeCheck = 1160;
				ORGANIZATIONNAME = "Lor Worwag";
				TargetAttributes = {
					8E94ABB824D885CA003AFD49 = {
						CreatedOnToolsVersion = 11.6;
					};
				};
			};
			buildConfigurationList = 8E94ABB424D885CA003AFD49 /* Build configuration list for PBXProject "a1" */;
			compatibilityVersion = "Xcode 9.3";
			developmentRegion = en;
			hasScannedForEncodings = 0;
			knownRegions = (
				en,
				Base,
			);
			mainGroup = 8E94ABB024D885CA003AFD49;
			productRefGroup = 8E94ABBA24D885CA003AFD49 /* Products */;
			projectDirPath = "";
			projectRoot = "";
			targets = (
				8E94ABB824D885CA003AFD49 /* a1 */,
			);
		};
/* End PBXProject section */

/* Begin PBXResourcesBuildPhase section */
		8E94ABB724D885CA003AFD49 /* Resources */ = {
			isa = PBXResourcesBuildPhase;
			buildActionMask = 2147483647;
			files = (
				8E94ABC924D885CC003AFD49 /* LaunchScreen.storyboard in Resources */,
				8E94ABC624D885CC003AFD49 /* Preview Assets.xcassets in Resources */,
				8E94ABC324D885CC003AFD49 /* Assets.xcassets in Resources */,
			);
			runOnlyForDeploymentPostprocessing = 0;
		};
/* End PBXResourcesBuildPhase section */

/* Begin PBXSourcesBuildPhase section */
		8E94ABB524D885CA003AFD49 /* Sources */ = {
			isa = PBXSourcesBuildPhase;
			buildActionMask = 2147483647;
			files = (
				8E94ABBD24D885CA003AFD49 /* AppDelegate.swift in Sources */,
				8E94ABBF24D885CA003AFD49 /* SceneDelegate.swift in Sources */,
				8E94ABD124D88CC9003AFD49 /* MemoryGame.swift in Sources */,
				8E94ABC124D885CA003AFD49 /* ContentView.swift in Sources */,
				8E94ABD324D88CEE003AFD49 /* EmojiMemoryGame.swift in Sources */,
			);
			runOnlyForDeploymentPostprocessing = 0;
		};
/* End PBXSourcesBuildPhase section */

/* Begin PBXVariantGroup section */
		8E94ABC724D885CC003AFD49 /* LaunchScreen.storyboard */ = {
			isa = PBXVariantGroup;
			children = (
				8E94ABC824D885CC003AFD49 /* Base */,
			);
			name = LaunchScreen.storyboard;
			sourceTree = "<group>";
		};
/* End PBXVariantGroup section */

/* Begin XCBuildConfiguration section */
		8E94ABCB24D885CC003AFD49 /* Debug */ = {
			isa = XCBuildConfiguration;
			buildSettings = {
				ALWAYS_SEARCH_USER_PATHS = NO;
				CLANG_ANALYZER_NONNULL = YES;
				CLANG_ANALYZER_NUMBER_OBJECT_CONVERSION = YES_AGGRESSIVE;
				CLANG_CXX_LANGUAGE_STANDARD = "gnu++14";
				CLANG_CXX_LIBRARY = "libc++";
				CLANG_ENABLE_MODULES = YES;
				CLANG_ENABLE_OBJC_ARC = YES;
				CLANG_ENABLE_OBJC_WEAK = YES;
				CLANG_WARN_BLOCK_CAPTURE_AUTORELEASING = YES;
				CLANG_WARN_BOOL_CONVERSION = YES;
				CLANG_WARN_COMMA = YES;
				CLANG_WARN_CONSTANT_CONVERSION = YES;
				CLANG_WARN_DEPRECATED_OBJC_IMPLEMENTATIONS = YES;
				CLANG_WARN_DIRECT_OBJC_ISA_USAGE = YES_ERROR;
				CLANG_WARN_DOCUMENTATION_COMMENTS = YES;
				CLANG_WARN_EMPTY_BODY = YES;
				CLANG_WARN_ENUM_CONVERSION = YES;
				CLANG_WARN_INFINITE_RECURSION = YES;
				CLANG_WARN_INT_CONVERSION = YES;
				CLANG_WARN_NON_LITERAL_NULL_CONVERSION = YES;
				CLANG_WARN_OBJC_IMPLICIT_RETAIN_SELF = YES;
				CLANG_WARN_OBJC_LITERAL_CONVERSION = YES;
				CLANG_WARN_OBJC_ROOT_CLASS = YES_ERROR;
				CLANG_WARN_RANGE_LOOP_ANALYSIS = YES;
				CLANG_WARN_STRICT_PROTOTYPES = YES;
				CLANG_WARN_SUSPICIOUS_MOVE = YES;
				CLANG_WARN_UNGUARDED_AVAILABILITY = YES_AGGRESSIVE;
				CLANG_WARN_UNREACHABLE_CODE = YES;
				CLANG_WARN__DUPLICATE_METHOD_MATCH = YES;
				COPY_PHASE_STRIP = NO;
				DEBUG_INFORMATION_FORMAT = dwarf;
				ENABLE_STRICT_OBJC_MSGSEND = YES;
				ENABLE_TESTABILITY = YES;
				GCC_C_LANGUAGE_STANDARD = gnu11;
				GCC_DYNAMIC_NO_PIC = NO;
				GCC_NO_COMMON_BLOCKS = YES;
				GCC_OPTIMIZATION_LEVEL = 0;
				GCC_PREPROCESSOR_DEFINITIONS = (
					"DEBUG=1",
					"$(inherited)",
				);
				GCC_WARN_64_TO_32_BIT_CONVERSION = YES;
				GCC_WARN_ABOUT_RETURN_TYPE = YES_ERROR;
				GCC_WARN_UNDECLARED_SELECTOR = YES;
				GCC_WARN_UNINITIALIZED_AUTOS = YES_AGGRESSIVE;
				GCC_WARN_UNUSED_FUNCTION = YES;
				GCC_WARN_UNUSED_VARIABLE = YES;
				IPHONEOS_DEPLOYMENT_TARGET = 13.6;
				MTL_ENABLE_DEBUG_INFO = INCLUDE_SOURCE;
				MTL_FAST_MATH = YES;
				ONLY_ACTIVE_ARCH = YES;
				SDKROOT = iphoneos;
				SWIFT_ACTIVE_COMPILATION_CONDITIONS = DEBUG;
				SWIFT_OPTIMIZATION_LEVEL = "-Onone";
			};
			name = Debug;
		};
		8E94ABCC24D885CC003AFD49 /* Release */ = {
			isa = XCBuildConfiguration;
			buildSettings = {
				ALWAYS_SEARCH_USER_PATHS = NO;
				CLANG_ANALYZER_NONNULL = YES;
				CLANG_ANALYZER_NUMBER_OBJECT_CONVERSION = YES_AGGRESSIVE;
				CLANG_CXX_LANGUAGE_STANDARD = "gnu++14";
				CLANG_CXX_LIBRARY = "libc++";
				CLANG_ENABLE_MODULES = YES;
				CLANG_ENABLE_OBJC_ARC = YES;
				CLANG_ENABLE_OBJC_WEAK = YES;
				CLANG_WARN_BLOCK_CAPTURE_AUTORELEASING = YES;
				CLANG_WARN_BOOL_CONVERSION = YES;
				CLANG_WARN_COMMA = YES;
				CLANG_WARN_CONSTANT_CONVERSION = YES;
				CLANG_WARN_DEPRECATED_OBJC_IMPLEMENTATIONS = YES;
				CLANG_WARN_DIRECT_OBJC_ISA_USAGE = YES_ERROR;
				CLANG_WARN_DOCUMENTATION_COMMENTS = YES;
				CLANG_WARN_EMPTY_BODY = YES;
				CLANG_WARN_ENUM_CONVERSION = YES;
				CLANG_WARN_INFINITE_RECURSION = YES;
				CLANG_WARN_INT_CONVERSION = YES;
				CLANG_WARN_NON_LITERAL_NULL_CONVERSION = YES;
				CLANG_WARN_OBJC_IMPLICIT_RETAIN_SELF = YES;
				CLANG_WARN_OBJC_LITERAL_CONVERSION = YES;
				CLANG_WARN_OBJC_ROOT_CLASS = YES_ERROR;
				CLANG_WARN_RANGE_LOOP_ANALYSIS = YES;
				CLANG_WARN_STRICT_PROTOTYPES = YES;
				CLANG_WARN_SUSPICIOUS_MOVE = YES;
				CLANG_WARN_UNGUARDED_AVAILABILITY = YES_AGGRESSIVE;
				CLANG_WARN_UNREACHABLE_CODE = YES;
				CLANG_WARN__DUPLICATE_METHOD_MATCH = YES;
				COPY_PHASE_STRIP = NO;
				DEBUG_INFORMATION_FORMAT = "dwarf-with-dsym";
				ENABLE_NS_ASSERTIONS = NO;
				ENABLE_STRICT_OBJC_MSGSEND = YES;
				GCC_C_LANGUAGE_STANDARD = gnu11;
				GCC_NO_COMMON_BLOCKS = YES;
				GCC_WARN_64_TO_32_BIT_CONVERSION = YES;
				GCC_WARN_ABOUT_RETURN_TYPE = YES_ERROR;
				GCC_WARN_UNDECLARED_SELECTOR = YES;
				GCC_WARN_UNINITIALIZED_AUTOS = YES_AGGRESSIVE;
				GCC_WARN_UNUSED_FUNCTION = YES;
				GCC_WARN_UNUSED_VARIABLE = YES;
				IPHONEOS_DEPLOYMENT_TARGET = 13.6;
				MTL_ENABLE_DEBUG_INFO = NO;
				MTL_FAST_MATH = YES;
				SDKROOT = iphoneos;
				SWIFT_COMPILATION_MODE = wholemodule;
				SWIFT_OPTIMIZATION_LEVEL = "-O";
				VALIDATE_PRODUCT = YES;
			};
			name = Release;
		};
		8E94ABCE24D885CC003AFD49 /* Debug */ = {
			isa = XCBuildConfiguration;
			buildSettings = {
				ASSETCATALOG_COMPILER_APPICON_NAME = AppIcon;
				CODE_SIGN_STYLE = Automatic;
				DEVELOPMENT_ASSET_PATHS = "\"a1/Preview Content\"";
				DEVELOPMENT_TEAM = 8FZZ5973JK;
				ENABLE_PREVIEWS = YES;
				INFOPLIST_FILE = a1/Info.plist;
				LD_RUNPATH_SEARCH_PATHS = (
					"$(inherited)",
					"@executable_path/Frameworks",
				);
				PRODUCT_BUNDLE_IDENTIFIER = com.lorworwag.a1;
				PRODUCT_NAME = "$(TARGET_NAME)";
				SWIFT_VERSION = 5.0;
				TARGETED_DEVICE_FAMILY = "1,2";
			};
			name = Debug;
		};
		8E94ABCF24D885CC003AFD49 /* Release */ = {
			isa = XCBuildConfiguration;
			buildSettings = {
				ASSETCATALOG_COMPILER_APPICON_NAME = AppIcon;
				CODE_SIGN_STYLE = Automatic;
				DEVELOPMENT_ASSET_PATHS = "\"a1/Preview Content\"";
				DEVELOPMENT_TEAM = 8FZZ5973JK;
				ENABLE_PREVIEWS = YES;
				INFOPLIST_FILE = a1/Info.plist;
				LD_RUNPATH_SEARCH_PATHS = (
					"$(inherited)",
					"@executable_path/Frameworks",
				);
				PRODUCT_BUNDLE_IDENTIFIER = com.lorworwag.a1;
				PRODUCT_NAME = "$(TARGET_NAME)";
				SWIFT_VERSION = 5.0;
				TARGETED_DEVICE_FAMILY = "1,2";
			};
			name = Release;
		};
/* End XCBuildConfiguration section */

/* Begin XCConfigurationList section */
		8E94ABB424D885CA003AFD49 /* Build configuration list for PBXProject "a1" */ = {
			isa = XCConfigurationList;
			buildConfigurations = (
				8E94ABCB24D885CC003AFD49 /* Debug */,
				8E94ABCC24D885CC003AFD49 /* Release */,
			);
			defaultConfigurationIsVisible = 0;
			defaultConfigurationName = Release;
		};
		8E94ABCD24D885CC003AFD49 /* Build configuration list for PBXNativeTarget "a1" */ = {
			isa = XCConfigurationList;
			buildConfigurations = (
				8E94ABCE24D885CC003AFD49 /* Debug */,
				8E94ABCF24D885CC003AFD49 /* Release */,
			);
			defaultConfigurationIsVisible = 0;
			defaultConfigurationName = Release;
		};
/* End XCConfigurationList section */
	};
	rootObject = 8E94ABB124D885CA003AFD49 /* Project object */;
}
